
Microsoft Visual Studio Solution File, Format Version 12.00
# Visual Studio Version 16
VisualStudioVersion = 16.0.28803.452
MinimumVisualStudioVersion = 10.0.40219.1
Project("{9A19103F-16F7-4668-BE54-9A1E7A4F7556}") = "BullsAndCows.Web", "BullsAndCows.Web\BullsAndCows.Web.csproj", "{A6D29930-E8DA-4B5B-8760-A5F5FF9AFBA3}"
EndProject
Project("{FAE04EC0-301F-11D3-BF4B-00C04F79EFBC}") = "BullsAndCows.Data", "BullsAndCows.Data\BullsAndCows.Data.csproj", "{50ACE07B-7F83-44FB-B9C7-256D4ABF03A0}"
EndProject
Global
	GlobalSection(SolutionConfigurationPlatforms) = preSolution
		Debug|Any CPU = Debug|Any CPU
		Release|Any CPU = Release|Any CPU
	EndGlobalSection
	GlobalSection(ProjectConfigurationPlatforms) = postSolution
		{A6D29930-E8DA-4B5B-8760-A5F5FF9AFBA3}.Debug|Any CPU.ActiveCfg = Debug|Any CPU
		{A6D29930-E8DA-4B5B-8760-A5F5FF9AFBA3}.Debug|Any CPU.Build.0 = Debug|Any CPU
		{A6D29930-E8DA-4B5B-8760-A5F5FF9AFBA3}.Release|Any CPU.ActiveCfg = Release|Any CPU
		{A6D29930-E8DA-4B5B-8760-A5F5FF9AFBA3}.Release|Any CPU.Build.0 = Release|Any CPU
		{50ACE07B-7F83-44FB-B9C7-256D4ABF03A0}.Debug|Any CPU.ActiveCfg = Debug|Any CPU
		{50ACE07B-7F83-44FB-B9C7-256D4ABF03A0}.Debug|Any CPU.Build.0 = Debug|Any CPU
		{50ACE07B-7F83-44FB-B9C7-256D4ABF03A0}.Release|Any CPU.ActiveCfg = Release|Any CPU
		{50ACE07B-7F83-44FB-B9C7-256D4ABF03A0}.Release|Any CPU.Build.0 = Release|Any CPU
	EndGlobalSection
	GlobalSection(SolutionProperties) = preSolution
		HideSolutionNode = FALSE
	EndGlobalSection
	GlobalSection(ExtensibilityGlobals) = postSolution
		SolutionGuid = {DED7C8D5-B07D-43B9-9DEC-4B915139E4FB}
	EndGlobalSection
EndGlobal
